
Microsoft Visual Studio Solution File, Format Version 12.00
# Visual Studio 15
VisualStudioVersion = 15.0.27428.2015
MinimumVisualStudioVersion = 10.0.40219.1
Project("{9A19103F-16F7-4668-BE54-9A1E7A4F7556}") = "Api", "Api\Api.csproj", "{E78863E6-3980-451B-B57C-042C84FD8E9D}"
EndProject
Project("{9A19103F-16F7-4668-BE54-9A1E7A4F7556}") = "Aplication", "Aplication\Aplication.csproj", "{5B97D535-C74E-4AC4-8A68-5B538CF64F58}"
EndProject
Project("{9A19103F-16F7-4668-BE54-9A1E7A4F7556}") = "Domain", "Domain\Domain.csproj", "{FE1D5E36-8DC3-402E-A688-5ABDD712AAC2}"
EndProject
Project("{9A19103F-16F7-4668-BE54-9A1E7A4F7556}") = "Infra", "Infra\Infra.csproj", "{62DAC827-F96F-4981-B96A-29877C6E3799}"
EndProject
Project("{FAE04EC0-301F-11D3-BF4B-00C04F79EFBC}") = "IoC", "IoC\IoC.csproj", "{3861FF9C-C35E-4D1B-80DC-FEE52F5FA445}"
EndProject
Global
	GlobalSection(SolutionConfigurationPlatforms) = preSolution
		Debug|Any CPU = Debug|Any CPU
		Release|Any CPU = Release|Any CPU
	EndGlobalSection
	GlobalSection(ProjectConfigurationPlatforms) = postSolution
		{E78863E6-3980-451B-B57C-042C84FD8E9D}.Debug|Any CPU.ActiveCfg = Debug|Any CPU
		{E78863E6-3980-451B-B57C-042C84FD8E9D}.Debug|Any CPU.Build.0 = Debug|Any CPU
		{E78863E6-3980-451B-B57C-042C84FD8E9D}.Release|Any CPU.ActiveCfg = Release|Any CPU
		{E78863E6-3980-451B-B57C-042C84FD8E9D}.Release|Any CPU.Build.0 = Release|Any CPU
		{5B97D535-C74E-4AC4-8A68-5B538CF64F58}.Debug|Any CPU.ActiveCfg = Debug|Any CPU
		{5B97D535-C74E-4AC4-8A68-5B538CF64F58}.Debug|Any CPU.Build.0 = Debug|Any CPU
		{5B97D535-C74E-4AC4-8A68-5B538CF64F58}.Release|Any CPU.ActiveCfg = Release|Any CPU
		{5B97D535-C74E-4AC4-8A68-5B538CF64F58}.Release|Any CPU.Build.0 = Release|Any CPU
		{FE1D5E36-8DC3-402E-A688-5ABDD712AAC2}.Debug|Any CPU.ActiveCfg = Debug|Any CPU
		{FE1D5E36-8DC3-402E-A688-5ABDD712AAC2}.Debug|Any CPU.Build.0 = Debug|Any CPU
		{FE1D5E36-8DC3-402E-A688-5ABDD712AAC2}.Release|Any CPU.ActiveCfg = Release|Any CPU
		{FE1D5E36-8DC3-402E-A688-5ABDD712AAC2}.Release|Any CPU.Build.0 = Release|Any CPU
		{62DAC827-F96F-4981-B96A-29877C6E3799}.Debug|Any CPU.ActiveCfg = Debug|Any CPU
		{62DAC827-F96F-4981-B96A-29877C6E3799}.Debug|Any CPU.Build.0 = Debug|Any CPU
		{62DAC827-F96F-4981-B96A-29877C6E3799}.Release|Any CPU.ActiveCfg = Release|Any CPU
		{62DAC827-F96F-4981-B96A-29877C6E3799}.Release|Any CPU.Build.0 = Release|Any CPU
		{3861FF9C-C35E-4D1B-80DC-FEE52F5FA445}.Debug|Any CPU.ActiveCfg = Debug|Any CPU
		{3861FF9C-C35E-4D1B-80DC-FEE52F5FA445}.Debug|Any CPU.Build.0 = Debug|Any CPU
		{3861FF9C-C35E-4D1B-80DC-FEE52F5FA445}.Release|Any CPU.ActiveCfg = Release|Any CPU
		{3861FF9C-C35E-4D1B-80DC-FEE52F5FA445}.Release|Any CPU.Build.0 = Release|Any CPU
	EndGlobalSection
	GlobalSection(SolutionProperties) = preSolution
		HideSolutionNode = FALSE
	EndGlobalSection
	GlobalSection(ExtensibilityGlobals) = postSolution
		SolutionGuid = {A182D7F9-F32F-490D-9855-CFB97050AB91}
	EndGlobalSection
EndGlobal
